
Microsoft Visual Studio Solution File, Format Version 11.00
# Visual Studio 2010
Project("{FAE04EC0-301F-11D3-BF4B-00C04F79EFBC}") = "Assembly-CSharp", "Assembly-CSharp.csproj", "{CFF4F407-C753-5D62-CF27-C5E2629F7A10}"
EndProject
Global
	GlobalSection(SolutionConfigurationPlatforms) = preSolution
		Debug|Any CPU = Debug|Any CPU
		Release|Any CPU = Release|Any CPU
	EndGlobalSection
	GlobalSection(ProjectConfigurationPlatforms) = postSolution
		{CFF4F407-C753-5D62-CF27-C5E2629F7A10}.Debug|Any CPU.ActiveCfg = Debug|Any CPU
		{CFF4F407-C753-5D62-CF27-C5E2629F7A10}.Debug|Any CPU.Build.0 = Debug|Any CPU
		{CFF4F407-C753-5D62-CF27-C5E2629F7A10}.Release|Any CPU.ActiveCfg = Release|Any CPU
		{CFF4F407-C753-5D62-CF27-C5E2629F7A10}.Release|Any CPU.Build.0 = Release|Any CPU
	EndGlobalSection
	GlobalSection(SolutionProperties) = preSolution
		HideSolutionNode = FALSE
	EndGlobalSection
EndGlobal
